// !$*UTF8*$!
{
	archiveVersion = 1;
	classes = {
	};
	objectVersion = 46;
	objects = {

/* Begin PBXBuildFile section */
		E9D288001899CFD30091170D /* Foundation.framework in Frameworks */ = {isa = PBXBuildFile; fileRef = E9D287FF1899CFD30091170D /* Foundation.framework */; };
		E9D288021899CFD30091170D /* CoreGraphics.framework in Frameworks */ = {isa = PBXBuildFile; fileRef = E9D288011899CFD30091170D /* CoreGraphics.framework */; };
		E9D288041899CFD30091170D /* UIKit.framework in Frameworks */ = {isa = PBXBuildFile; fileRef = E9D288031899CFD30091170D /* UIKit.framework */; };
		E9D2880A1899CFD30091170D /* InfoPlist.strings in Resources */ = {isa = PBXBuildFile; fileRef = E9D288081899CFD30091170D /* InfoPlist.strings */; };
		E9D2880C1899CFD30091170D /* main.m in Sources */ = {isa = PBXBuildFile; fileRef = E9D2880B1899CFD30091170D /* main.m */; };
		E9D288101899CFD30091170D /* PROJ1AppDelegate.m in Sources */ = {isa = PBXBuildFile; fileRef = E9D2880F1899CFD30091170D /* PROJ1AppDelegate.m */; };
		E9D288131899CFD30091170D /* Main.storyboard in Resources */ = {isa = PBXBuildFile; fileRef = E9D288111899CFD30091170D /* Main.storyboard */; };
		E9D288181899CFD30091170D /* Images.xcassets in Resources */ = {isa = PBXBuildFile; fileRef = E9D288171899CFD30091170D /* Images.xcassets */; };
		E9D2881F1899CFD30091170D /* XCTest.framework in Frameworks */ = {isa = PBXBuildFile; fileRef = E9D2881E1899CFD30091170D /* XCTest.framework */; };
		E9D288201899CFD30091170D /* Foundation.framework in Frameworks */ = {isa = PBXBuildFile; fileRef = E9D287FF1899CFD30091170D /* Foundation.framework */; };
		E9D288211899CFD30091170D /* UIKit.framework in Frameworks */ = {isa = PBXBuildFile; fileRef = E9D288031899CFD30091170D /* UIKit.framework */; };
		E9D288291899CFD30091170D /* InfoPlist.strings in Resources */ = {isa = PBXBuildFile; fileRef = E9D288271899CFD30091170D /* InfoPlist.strings */; };
		E9D2882B1899CFD30091170D /* PROJ1CheckInTests.m in Sources */ = {isa = PBXBuildFile; fileRef = E9D2882A1899CFD30091170D /* PROJ1CheckInTests.m */; };
		E9D288361899D0170091170D /* PROJ1CheckInViewController.m in Sources */ = {isa = PBXBuildFile; fileRef = E9D288351899D0170091170D /* PROJ1CheckInViewController.m */; };
		E9D2883B1899DFBF0091170D /* PROJ1Entidade.m in Sources */ = {isa = PBXBuildFile; fileRef = E9D288381899DFBF0091170D /* PROJ1Entidade.m */; };
		E9D2883C1899DFBF0091170D /* PROJ1Entidade+Annotation.m in Sources */ = {isa = PBXBuildFile; fileRef = E9D2883A1899DFBF0091170D /* PROJ1Entidade+Annotation.m */; };
		E9D4AC8A189AAC66009D4F27 /* MapKit.framework in Frameworks */ = {isa = PBXBuildFile; fileRef = E9D4AC89189AAC66009D4F27 /* MapKit.framework */; };
/* End PBXBuildFile section */

/* Begin PBXContainerItemProxy section */
		E9D288221899CFD30091170D /* PBXContainerItemProxy */ = {
			isa = PBXContainerItemProxy;
			containerPortal = E9D287F41899CFD30091170D /* Project object */;
			proxyType = 1;
			remoteGlobalIDString = E9D287FB1899CFD30091170D;
			remoteInfo = PROJ1CheckIn;
		};
/* End PBXContainerItemProxy section */

/* Begin PBXFileReference section */
		E9D287FC1899CFD30091170D /* PROJ1CheckIn.app */ = {isa = PBXFileReference; explicitFileType = wrapper.application; includeInIndex = 0; path = PROJ1CheckIn.app; sourceTree = BUILT_PRODUCTS_DIR; };
		E9D287FF1899CFD30091170D /* Foundation.framework */ = {isa = PBXFileReference; lastKnownFileType = wrapper.framework; name = Foundation.framework; path = System/Library/Frameworks/Foundation.framework; sourceTree = SDKROOT; };
		E9D288011899CFD30091170D /* CoreGraphics.framework */ = {isa = PBXFileReference; lastKnownFileType = wrapper.framework; name = CoreGraphics.framework; path = System/Library/Frameworks/CoreGraphics.framework; sourceTree = SDKROOT; };
		E9D288031899CFD30091170D /* UIKit.framework */ = {isa = PBXFileReference; lastKnownFileType = wrapper.framework; name = UIKit.framework; path = System/Library/Frameworks/UIKit.framework; sourceTree = SDKROOT; };
		E9D288071899CFD30091170D /* PROJ1CheckIn-Info.plist */ = {isa = PBXFileReference; lastKnownFileType = text.plist.xml; path = "PROJ1CheckIn-Info.plist"; sourceTree = "<group>"; };
		E9D288091899CFD30091170D /* en */ = {isa = PBXFileReference; lastKnownFileType = text.plist.strings; name = en; path = en.lproj/InfoPlist.strings; sourceTree = "<group>"; };
		E9D2880B1899CFD30091170D /* main.m */ = {isa = PBXFileReference; lastKnownFileType = sourcecode.c.objc; path = main.m; sourceTree = "<group>"; };
		E9D2880D1899CFD30091170D /* PROJ1CheckIn-Prefix.pch */ = {isa = PBXFileReference; lastKnownFileType = sourcecode.c.h; path = "PROJ1CheckIn-Prefix.pch"; sourceTree = "<group>"; };
		E9D2880E1899CFD30091170D /* PROJ1AppDelegate.h */ = {isa = PBXFileReference; lastKnownFileType = sourcecode.c.h; path = PROJ1AppDelegate.h; sourceTree = "<group>"; };
		E9D2880F1899CFD30091170D /* PROJ1AppDelegate.m */ = {isa = PBXFileReference; lastKnownFileType = sourcecode.c.objc; path = PROJ1AppDelegate.m; sourceTree = "<group>"; };
		E9D288121899CFD30091170D /* Base */ = {isa = PBXFileReference; lastKnownFileType = file.storyboard; name = Base; path = Base.lproj/Main.storyboard; sourceTree = "<group>"; };
		E9D288171899CFD30091170D /* Images.xcassets */ = {isa = PBXFileReference; lastKnownFileType = folder.assetcatalog; path = Images.xcassets; sourceTree = "<group>"; };
		E9D2881D1899CFD30091170D /* PROJ1CheckInTests.xctest */ = {isa = PBXFileReference; explicitFileType = wrapper.cfbundle; includeInIndex = 0; path = PROJ1CheckInTests.xctest; sourceTree = BUILT_PRODUCTS_DIR; };
		E9D2881E1899CFD30091170D /* XCTest.framework */ = {isa = PBXFileReference; lastKnownFileType = wrapper.framework; name = XCTest.framework; path = Library/Frameworks/XCTest.framework; sourceTree = DEVELOPER_DIR; };
		E9D288261899CFD30091170D /* PROJ1CheckInTests-Info.plist */ = {isa = PBXFileReference; lastKnownFileType = text.plist.xml; path = "PROJ1CheckInTests-Info.plist"; sourceTree = "<group>"; };
		E9D288281899CFD30091170D /* en */ = {isa = PBXFileReference; lastKnownFileType = text.plist.strings; name = en; path = en.lproj/InfoPlist.strings; sourceTree = "<group>"; };
		E9D2882A1899CFD30091170D /* PROJ1CheckInTests.m */ = {isa = PBXFileReference; lastKnownFileType = sourcecode.c.objc; path = PROJ1CheckInTests.m; sourceTree = "<group>"; };
		E9D288341899D0170091170D /* PROJ1CheckInViewController.h */ = {isa = PBXFileReference; fileEncoding = 4; lastKnownFileType = sourcecode.c.h; path = PROJ1CheckInViewController.h; sourceTree = "<group>"; };
		E9D288351899D0170091170D /* PROJ1CheckInViewController.m */ = {isa = PBXFileReference; fileEncoding = 4; lastKnownFileType = sourcecode.c.objc; path = PROJ1CheckInViewController.m; sourceTree = "<group>"; };
		E9D288371899DFBF0091170D /* PROJ1Entidade.h */ = {isa = PBXFileReference; fileEncoding = 4; lastKnownFileType = sourcecode.c.h; path = PROJ1Entidade.h; sourceTree = "<group>"; };
		E9D288381899DFBF0091170D /* PROJ1Entidade.m */ = {isa = PBXFileReference; fileEncoding = 4; lastKnownFileType = sourcecode.c.objc; path = PROJ1Entidade.m; sourceTree = "<group>"; };
		E9D288391899DFBF0091170D /* PROJ1Entidade+Annotation.h */ = {isa = PBXFileReference; fileEncoding = 4; lastKnownFileType = sourcecode.c.h; path = "PROJ1Entidade+Annotation.h"; sourceTree = "<group>"; };
		E9D2883A1899DFBF0091170D /* PROJ1Entidade+Annotation.m */ = {isa = PBXFileReference; fileEncoding = 4; lastKnownFileType = sourcecode.c.objc; path = "PROJ1Entidade+Annotation.m"; sourceTree = "<group>"; };
		E9D4AC89189AAC66009D4F27 /* MapKit.framework */ = {isa = PBXFileReference; lastKnownFileType = wrapper.framework; name = MapKit.framework; path = System/Library/Frameworks/MapKit.framework; sourceTree = SDKROOT; };
/* End PBXFileReference section */

/* Begin PBXFrameworksBuildPhase section */
		E9D287F91899CFD30091170D /* Frameworks */ = {
			isa = PBXFrameworksBuildPhase;
			buildActionMask = 2147483647;
			files = (
				E9D4AC8A189AAC66009D4F27 /* MapKit.framework in Frameworks */,
				E9D288021899CFD30091170D /* CoreGraphics.framework in Frameworks */,
				E9D288041899CFD30091170D /* UIKit.framework in Frameworks */,
				E9D288001899CFD30091170D /* Foundation.framework in Frameworks */,
			);
			runOnlyForDeploymentPostprocessing = 0;
		};
		E9D2881A1899CFD30091170D /* Frameworks */ = {
			isa = PBXFrameworksBuildPhase;
			buildActionMask = 2147483647;
			files = (
				E9D2881F1899CFD30091170D /* XCTest.framework in Frameworks */,
				E9D288211899CFD30091170D /* UIKit.framework in Frameworks */,
				E9D288201899CFD30091170D /* Foundation.framework in Frameworks */,
			);
			runOnlyForDeploymentPostprocessing = 0;
		};
/* End PBXFrameworksBuildPhase section */

/* Begin PBXGroup section */
		E9D287F31899CFD30091170D = {
			isa = PBXGroup;
			children = (
				E9D288051899CFD30091170D /* PROJ1CheckIn */,
				E9D288241899CFD30091170D /* PROJ1CheckInTests */,
				E9D287FE1899CFD30091170D /* Frameworks */,
				E9D287FD1899CFD30091170D /* Products */,
			);
			sourceTree = "<group>";
		};
		E9D287FD1899CFD30091170D /* Products */ = {
			isa = PBXGroup;
			children = (
				E9D287FC1899CFD30091170D /* PROJ1CheckIn.app */,
				E9D2881D1899CFD30091170D /* PROJ1CheckInTests.xctest */,
			);
			name = Products;
			sourceTree = "<group>";
		};
		E9D287FE1899CFD30091170D /* Frameworks */ = {
			isa = PBXGroup;
			children = (
				E9D4AC89189AAC66009D4F27 /* MapKit.framework */,
				E9D287FF1899CFD30091170D /* Foundation.framework */,
				E9D288011899CFD30091170D /* CoreGraphics.framework */,
				E9D288031899CFD30091170D /* UIKit.framework */,
				E9D2881E1899CFD30091170D /* XCTest.framework */,
			);
			name = Frameworks;
			sourceTree = "<group>";
		};
		E9D288051899CFD30091170D /* PROJ1CheckIn */ = {
			isa = PBXGroup;
			children = (
				E9D288371899DFBF0091170D /* PROJ1Entidade.h */,
				E9D288381899DFBF0091170D /* PROJ1Entidade.m */,
				E9D288391899DFBF0091170D /* PROJ1Entidade+Annotation.h */,
				E9D2883A1899DFBF0091170D /* PROJ1Entidade+Annotation.m */,
				E9D2880E1899CFD30091170D /* PROJ1AppDelegate.h */,
				E9D2880F1899CFD30091170D /* PROJ1AppDelegate.m */,
				E9D288111899CFD30091170D /* Main.storyboard */,
				E9D288341899D0170091170D /* PROJ1CheckInViewController.h */,
				E9D288351899D0170091170D /* PROJ1CheckInViewController.m */,
				E9D288171899CFD30091170D /* Images.xcassets */,
				E9D288061899CFD30091170D /* Supporting Files */,
			);
			path = PROJ1CheckIn;
			sourceTree = "<group>";
		};
		E9D288061899CFD30091170D /* Supporting Files */ = {
			isa = PBXGroup;
			children = (
				E9D288071899CFD30091170D /* PROJ1CheckIn-Info.plist */,
				E9D288081899CFD30091170D /* InfoPlist.strings */,
				E9D2880B1899CFD30091170D /* main.m */,
				E9D2880D1899CFD30091170D /* PROJ1CheckIn-Prefix.pch */,
			);
			name = "Supporting Files";
			sourceTree = "<group>";
		};
		E9D288241899CFD30091170D /* PROJ1CheckInTests */ = {
			isa = PBXGroup;
			children = (
				E9D2882A1899CFD30091170D /* PROJ1CheckInTests.m */,
				E9D288251899CFD30091170D /* Supporting Files */,
			);
			path = PROJ1CheckInTests;
			sourceTree = "<group>";
		};
		E9D288251899CFD30091170D /* Supporting Files */ = {
			isa = PBXGroup;
			children = (
				E9D288261899CFD30091170D /* PROJ1CheckInTests-Info.plist */,
				E9D288271899CFD30091170D /* InfoPlist.strings */,
			);
			name = "Supporting Files";
			sourceTree = "<group>";
		};
/* End PBXGroup section */

/* Begin PBXNativeTarget section */
		E9D287FB1899CFD30091170D /* PROJ1CheckIn */ = {
			isa = PBXNativeTarget;
			buildConfigurationList = E9D2882E1899CFD30091170D /* Build configuration list for PBXNativeTarget "PROJ1CheckIn" */;
			buildPhases = (
				E9D287F81899CFD30091170D /* Sources */,
				E9D287F91899CFD30091170D /* Frameworks */,
				E9D287FA1899CFD30091170D /* Resources */,
			);
			buildRules = (
			);
			dependencies = (
			);
			name = PROJ1CheckIn;
			productName = PROJ1CheckIn;
			productReference = E9D287FC1899CFD30091170D /* PROJ1CheckIn.app */;
			productType = "com.apple.product-type.application";
		};
		E9D2881C1899CFD30091170D /* PROJ1CheckInTests */ = {
			isa = PBXNativeTarget;
			buildConfigurationList = E9D288311899CFD30091170D /* Build configuration list for PBXNativeTarget "PROJ1CheckInTests" */;
			buildPhases = (
				E9D288191899CFD30091170D /* Sources */,
				E9D2881A1899CFD30091170D /* Frameworks */,
				E9D2881B1899CFD30091170D /* Resources */,
			);
			buildRules = (
			);
			dependencies = (
				E9D288231899CFD30091170D /* PBXTargetDependency */,
			);
			name = PROJ1CheckInTests;
			productName = PROJ1CheckInTests;
			productReference = E9D2881D1899CFD30091170D /* PROJ1CheckInTests.xctest */;
			productType = "com.apple.product-type.bundle.unit-test";
		};
/* End PBXNativeTarget section */

/* Begin PBXProject section */
		E9D287F41899CFD30091170D /* Project object */ = {
			isa = PBXProject;
			attributes = {
				CLASSPREFIX = PROJ1;
				LastUpgradeCheck = 0500;
				ORGANIZATIONNAME = "Txai Wieser";
				TargetAttributes = {
					E9D2881C1899CFD30091170D = {
						TestTargetID = E9D287FB1899CFD30091170D;
					};
				};
			};
			buildConfigurationList = E9D287F71899CFD30091170D /* Build configuration list for PBXProject "PROJ1CheckIn" */;
			compatibilityVersion = "Xcode 3.2";
			developmentRegion = English;
			hasScannedForEncodings = 0;
			knownRegions = (
				en,
				Base,
			);
			mainGroup = E9D287F31899CFD30091170D;
			productRefGroup = E9D287FD1899CFD30091170D /* Products */;
			projectDirPath = "";
			projectRoot = "";
			targets = (
				E9D287FB1899CFD30091170D /* PROJ1CheckIn */,
				E9D2881C1899CFD30091170D /* PROJ1CheckInTests */,
			);
		};
/* End PBXProject section */

/* Begin PBXResourcesBuildPhase section */
		E9D287FA1899CFD30091170D /* Resources */ = {
			isa = PBXResourcesBuildPhase;
			buildActionMask = 2147483647;
			files = (
				E9D288181899CFD30091170D /* Images.xcassets in Resources */,
				E9D2880A1899CFD30091170D /* InfoPlist.strings in Resources */,
				E9D288131899CFD30091170D /* Main.storyboard in Resources */,
			);
			runOnlyForDeploymentPostprocessing = 0;
		};
		E9D2881B1899CFD30091170D /* Resources */ = {
			isa = PBXResourcesBuildPhase;
			buildActionMask = 2147483647;
			files = (
				E9D288291899CFD30091170D /* InfoPlist.strings in Resources */,
			);
			runOnlyForDeploymentPostprocessing = 0;
		};
/* End PBXResourcesBuildPhase section */

/* Begin PBXSourcesBuildPhase section */
		E9D287F81899CFD30091170D /* Sources */ = {
			isa = PBXSourcesBuildPhase;
			buildActionMask = 2147483647;
			files = (
				E9D2883B1899DFBF0091170D /* PROJ1Entidade.m in Sources */,
				E9D2880C1899CFD30091170D /* main.m in Sources */,
				E9D288101899CFD30091170D /* PROJ1AppDelegate.m in Sources */,
				E9D288361899D0170091170D /* PROJ1CheckInViewController.m in Sources */,
				E9D2883C1899DFBF0091170D /* PROJ1Entidade+Annotation.m in Sources */,
			);
			runOnlyForDeploymentPostprocessing = 0;
		};
		E9D288191899CFD30091170D /* Sources */ = {
			isa = PBXSourcesBuildPhase;
			buildActionMask = 2147483647;
			files = (
				E9D2882B1899CFD30091170D /* PROJ1CheckInTests.m in Sources */,
			);
			runOnlyForDeploymentPostprocessing = 0;
		};
/* End PBXSourcesBuildPhase section */

/* Begin PBXTargetDependency section */
		E9D288231899CFD30091170D /* PBXTargetDependency */ = {
			isa = PBXTargetDependency;
			target = E9D287FB1899CFD30091170D /* PROJ1CheckIn */;
			targetProxy = E9D288221899CFD30091170D /* PBXContainerItemProxy */;
		};
/* End PBXTargetDependency section */

/* Begin PBXVariantGroup section */
		E9D288081899CFD30091170D /* InfoPlist.strings */ = {
			isa = PBXVariantGroup;
			children = (
				E9D288091899CFD30091170D /* en */,
			);
			name = InfoPlist.strings;
			sourceTree = "<group>";
		};
		E9D288111899CFD30091170D /* Main.storyboard */ = {
			isa = PBXVariantGroup;
			children = (
				E9D288121899CFD30091170D /* Base */,
			);
			name = Main.storyboard;
			sourceTree = "<group>";
		};
		E9D288271899CFD30091170D /* InfoPlist.strings */ = {
			isa = PBXVariantGroup;
			children = (
				E9D288281899CFD30091170D /* en */,
			);
			name = InfoPlist.strings;
			sourceTree = "<group>";
		};
/* End PBXVariantGroup section */

/* Begin XCBuildConfiguration section */
		E9D2882C1899CFD30091170D /* Debug */ = {
			isa = XCBuildConfiguration;
			buildSettings = {
				ALWAYS_SEARCH_USER_PATHS = NO;
				ARCHS = "$(ARCHS_STANDARD_INCLUDING_64_BIT)";
				CLANG_CXX_LANGUAGE_STANDARD = "gnu++0x";
				CLANG_CXX_LIBRARY = "libc++";
				CLANG_ENABLE_MODULES = YES;
				CLANG_ENABLE_OBJC_ARC = YES;
				CLANG_WARN_BOOL_CONVERSION = YES;
				CLANG_WARN_CONSTANT_CONVERSION = YES;
				CLANG_WARN_DIRECT_OBJC_ISA_USAGE = YES_ERROR;
				CLANG_WARN_EMPTY_BODY = YES;
				CLANG_WARN_ENUM_CONVERSION = YES;
				CLANG_WARN_INT_CONVERSION = YES;
				CLANG_WARN_OBJC_ROOT_CLASS = YES_ERROR;
				CLANG_WARN__DUPLICATE_METHOD_MATCH = YES;
				"CODE_SIGN_IDENTITY[sdk=iphoneos*]" = "iPhone Developer";
				COPY_PHASE_STRIP = NO;
				GCC_C_LANGUAGE_STANDARD = gnu99;
				GCC_DYNAMIC_NO_PIC = NO;
				GCC_OPTIMIZATION_LEVEL = 0;
				GCC_PREPROCESSOR_DEFINITIONS = (
					"DEBUG=1",
					"$(inherited)",
				);
				GCC_SYMBOLS_PRIVATE_EXTERN = NO;
				GCC_WARN_64_TO_32_BIT_CONVERSION = YES;
				GCC_WARN_ABOUT_RETURN_TYPE = YES_ERROR;
				GCC_WARN_UNDECLARED_SELECTOR = YES;
				GCC_WARN_UNINITIALIZED_AUTOS = YES;
				GCC_WARN_UNUSED_FUNCTION = YES;
				GCC_WARN_UNUSED_VARIABLE = YES;
				IPHONEOS_DEPLOYMENT_TARGET = 7.0;
				ONLY_ACTIVE_ARCH = YES;
				SDKROOT = iphoneos;
			};
			name = Debug;
		};
		E9D2882D1899CFD30091170D /* Release */ = {
			isa = XCBuildConfiguration;
			buildSettings = {
				ALWAYS_SEARCH_USER_PATHS = NO;
				ARCHS = "$(ARCHS_STANDARD_INCLUDING_64_BIT)";
				CLANG_CXX_LANGUAGE_STANDARD = "gnu++0x";
				CLANG_CXX_LIBRARY = "libc++";
				CLANG_ENABLE_MODULES = YES;
				CLANG_ENABLE_OBJC_ARC = YES;
				CLANG_WARN_BOOL_CONVERSION = YES;
				CLANG_WARN_CONSTANT_CONVERSION = YES;
				CLANG_WARN_DIRECT_OBJC_ISA_USAGE = YES_ERROR;
				CLANG_WARN_EMPTY_BODY = YES;
				CLANG_WARN_ENUM_CONVERSION = YES;
				CLANG_WARN_INT_CONVERSION = YES;
				CLANG_WARN_OBJC_ROOT_CLASS = YES_ERROR;
				CLANG_WARN__DUPLICATE_METHOD_MATCH = YES;
				"CODE_SIGN_IDENTITY[sdk=iphoneos*]" = "iPhone Developer";
				COPY_PHASE_STRIP = YES;
				ENABLE_NS_ASSERTIONS = NO;
				GCC_C_LANGUAGE_STANDARD = gnu99;
				GCC_WARN_64_TO_32_BIT_CONVERSION = YES;
				GCC_WARN_ABOUT_RETURN_TYPE = YES_ERROR;
				GCC_WARN_UNDECLARED_SELECTOR = YES;
				GCC_WARN_UNINITIALIZED_AUTOS = YES;
				GCC_WARN_UNUSED_FUNCTION = YES;
				GCC_WARN_UNUSED_VARIABLE = YES;
				IPHONEOS_DEPLOYMENT_TARGET = 7.0;
				SDKROOT = iphoneos;
				VALIDATE_PRODUCT = YES;
			};
			name = Release;
		};
		E9D2882F1899CFD30091170D /* Debug */ = {
			isa = XCBuildConfiguration;
			buildSettings = {
				ASSETCATALOG_COMPILER_APPICON_NAME = AppIcon;
				ASSETCATALOG_COMPILER_LAUNCHIMAGE_NAME = LaunchImage;
				GCC_PRECOMPILE_PREFIX_HEADER = YES;
				GCC_PREFIX_HEADER = "PROJ1CheckIn/PROJ1CheckIn-Prefix.pch";
				INFOPLIST_FILE = "PROJ1CheckIn/PROJ1CheckIn-Info.plist";
				PRODUCT_NAME = "$(TARGET_NAME)";
				WRAPPER_EXTENSION = app;
			};
			name = Debug;
		};
		E9D288301899CFD30091170D /* Release */ = {
			isa = XCBuildConfiguration;
			buildSettings = {
				ASSETCATALOG_COMPILER_APPICON_NAME = AppIcon;
				ASSETCATALOG_COMPILER_LAUNCHIMAGE_NAME = LaunchImage;
				GCC_PRECOMPILE_PREFIX_HEADER = YES;
				GCC_PREFIX_HEADER = "PROJ1CheckIn/PROJ1CheckIn-Prefix.pch";
				INFOPLIST_FILE = "PROJ1CheckIn/PROJ1CheckIn-Info.plist";
				PRODUCT_NAME = "$(TARGET_NAME)";
				WRAPPER_EXTENSION = app;
			};
			name = Release;
		};
		E9D288321899CFD30091170D /* Debug */ = {
			isa = XCBuildConfiguration;
			buildSettings = {
				ARCHS = "$(ARCHS_STANDARD_INCLUDING_64_BIT)";
				BUNDLE_LOADER = "$(BUILT_PRODUCTS_DIR)/PROJ1CheckIn.app/PROJ1CheckIn";
				FRAMEWORK_SEARCH_PATHS = (
					"$(SDKROOT)/Developer/Library/Frameworks",
					"$(inherited)",
					"$(DEVELOPER_FRAMEWORKS_DIR)",
				);
				GCC_PRECOMPILE_PREFIX_HEADER = YES;
				GCC_PREFIX_HEADER = "PROJ1CheckIn/PROJ1CheckIn-Prefix.pch";
				GCC_PREPROCESSOR_DEFINITIONS = (
					"DEBUG=1",
					"$(inherited)",
				);
				INFOPLIST_FILE = "PROJ1CheckInTests/PROJ1CheckInTests-Info.plist";
				PRODUCT_NAME = "$(TARGET_NAME)";
				TEST_HOST = "$(BUNDLE_LOADER)";
				WRAPPER_EXTENSION = xctest;
			};
			name = Debug;
		};
		E9D288331899CFD30091170D /* Release */ = {
			isa = XCBuildConfiguration;
			buildSettings = {
				ARCHS = "$(ARCHS_STANDARD_INCLUDING_64_BIT)";
				BUNDLE_LOADER = "$(BUILT_PRODUCTS_DIR)/PROJ1CheckIn.app/PROJ1CheckIn";
				FRAMEWORK_SEARCH_PATHS = (
					"$(SDKROOT)/Developer/Library/Frameworks",
					"$(inherited)",
					"$(DEVELOPER_FRAMEWORKS_DIR)",
				);
				GCC_PRECOMPILE_PREFIX_HEADER = YES;
				GCC_PREFIX_HEADER = "PROJ1CheckIn/PROJ1CheckIn-Prefix.pch";
				INFOPLIST_FILE = "PROJ1CheckInTests/PROJ1CheckInTests-Info.plist";
				PRODUCT_NAME = "$(TARGET_NAME)";
				TEST_HOST = "$(BUNDLE_LOADER)";
				WRAPPER_EXTENSION = xctest;
			};
			name = Release;
		};
/* End XCBuildConfiguration section */

/* Begin XCConfigurationList section */
		E9D287F71899CFD30091170D /* Build configuration list for PBXProject "PROJ1CheckIn" */ = {
			isa = XCConfigurationList;
			buildConfigurations = (
				E9D2882C1899CFD30091170D /* Debug */,
				E9D2882D1899CFD30091170D /* Release */,
			);
			defaultConfigurationIsVisible = 0;
			defaultConfigurationName = Release;
		};
		E9D2882E1899CFD30091170D /* Build configuration list for PBXNativeTarget "PROJ1CheckIn" */ = {
			isa = XCConfigurationList;
			buildConfigurations = (
				E9D2882F1899CFD30091170D /* Debug */,
				E9D288301899CFD30091170D /* Release */,
			);
			defaultConfigurationIsVisible = 0;
			defaultConfigurationName = Release;
		};
		E9D288311899CFD30091170D /* Build configuration list for PBXNativeTarget "PROJ1CheckInTests" */ = {
			isa = XCConfigurationList;
			buildConfigurations = (
				E9D288321899CFD30091170D /* Debug */,
				E9D288331899CFD30091170D /* Release */,
			);
			defaultConfigurationIsVisible = 0;
			defaultConfigurationName = Release;
		};
/* End XCConfigurationList section */
	};
	rootObject = E9D287F41899CFD30091170D /* Project object */;
}
